// !$*UTF8*$!
{
	archiveVersion = 1;
	classes = {
	};
	objectVersion = 50;
	objects = {

/* Begin PBXBuildFile section */
		C509013C21EC55F400A4CF02 /* RegistrationManager.swift in Sources */ = {isa = PBXBuildFile; fileRef = C509013B21EC55F400A4CF02 /* RegistrationManager.swift */; };
		C509013E21EC747B00A4CF02 /* GoogleService-Info.plist in Resources */ = {isa = PBXBuildFile; fileRef = C509013D21EC747B00A4CF02 /* GoogleService-Info.plist */; };
		C532FD9A21F03FFD00EAD5DD /* Bindable.swift in Sources */ = {isa = PBXBuildFile; fileRef = C532FD9921F03FFD00EAD5DD /* Bindable.swift */; };
		C55913EB21D96F3A00DC3049 /* HomeBottomControlStackView.swift in Sources */ = {isa = PBXBuildFile; fileRef = C55913EA21D96F3A00DC3049 /* HomeBottomControlStackView.swift */; };
		C55913ED21D97BE100DC3049 /* HomeNavigationStackView.swift in Sources */ = {isa = PBXBuildFile; fileRef = C55913EC21D97BE100DC3049 /* HomeNavigationStackView.swift */; };
		C55913EF21D98CC400DC3049 /* CardView.swift in Sources */ = {isa = PBXBuildFile; fileRef = C55913EE21D98CC400DC3049 /* CardView.swift */; };
		C55913F121D9B4F200DC3049 /* User.swift in Sources */ = {isa = PBXBuildFile; fileRef = C55913F021D9B4F200DC3049 /* User.swift */; };
		C55913F321D9D18F00DC3049 /* HomeViewManager.swift in Sources */ = {isa = PBXBuildFile; fileRef = C55913F221D9D18F00DC3049 /* HomeViewManager.swift */; };
		C55913F921DAC45000DC3049 /* Advertise.swift in Sources */ = {isa = PBXBuildFile; fileRef = C55913F821DAC45000DC3049 /* Advertise.swift */; };
		C55913FC21E1C0F300DC3049 /* RegistrationController.swift in Sources */ = {isa = PBXBuildFile; fileRef = C55913FB21E1C0F300DC3049 /* RegistrationController.swift */; };
		C55913FE21E1C2AF00DC3049 /* CustomTextField.swift in Sources */ = {isa = PBXBuildFile; fileRef = C55913FD21E1C2AF00DC3049 /* CustomTextField.swift */; };
		C593152D21C8CC0A002F9776 /* AppDelegate.swift in Sources */ = {isa = PBXBuildFile; fileRef = C593152C21C8CC0A002F9776 /* AppDelegate.swift */; };
		C593152F21C8CC0A002F9776 /* HomeController.swift in Sources */ = {isa = PBXBuildFile; fileRef = C593152E21C8CC0A002F9776 /* HomeController.swift */; };
		C593153221C8CC0A002F9776 /* Main.storyboard in Resources */ = {isa = PBXBuildFile; fileRef = C593153021C8CC0A002F9776 /* Main.storyboard */; };
		C593153421C8CC0C002F9776 /* Assets.xcassets in Resources */ = {isa = PBXBuildFile; fileRef = C593153321C8CC0C002F9776 /* Assets.xcassets */; };
		C593153721C8CC0C002F9776 /* LaunchScreen.storyboard in Resources */ = {isa = PBXBuildFile; fileRef = C593153521C8CC0C002F9776 /* LaunchScreen.storyboard */; };
		C593154221C8CC0C002F9776 /* SwipeMatchApplicationTests.swift in Sources */ = {isa = PBXBuildFile; fileRef = C593154121C8CC0C002F9776 /* SwipeMatchApplicationTests.swift */; };
		C593154D21C8CC0C002F9776 /* SwipeMatchApplicationUITests.swift in Sources */ = {isa = PBXBuildFile; fileRef = C593154C21C8CC0C002F9776 /* SwipeMatchApplicationUITests.swift */; };
		C593155C21C8D542002F9776 /* Anchor+ColorExtensions.swift in Sources */ = {isa = PBXBuildFile; fileRef = C593155B21C8D542002F9776 /* Anchor+ColorExtensions.swift */; };
		C5B1F6B521F3E82000CB305F /* UserAuthorizationOperation.swift in Sources */ = {isa = PBXBuildFile; fileRef = C5B1F6B421F3E82000CB305F /* UserAuthorizationOperation.swift */; };
		C5B1F6B721F3EBC900CB305F /* AsynchronousOperation.swift in Sources */ = {isa = PBXBuildFile; fileRef = C5B1F6B621F3EBC900CB305F /* AsynchronousOperation.swift */; };
		C5B1F6B921F4027A00CB305F /* AddImageDataToFirebaseStorage.swift in Sources */ = {isa = PBXBuildFile; fileRef = C5B1F6B821F4027A00CB305F /* AddImageDataToFirebaseStorage.swift */; };
		C5B1F6BB21F402D100CB305F /* AddImageDataOperation.swift in Sources */ = {isa = PBXBuildFile; fileRef = C5B1F6BA21F402D100CB305F /* AddImageDataOperation.swift */; };
		C5B1F6BD21F4086E00CB305F /* DownloadURLOperation.swift in Sources */ = {isa = PBXBuildFile; fileRef = C5B1F6BC21F4086E00CB305F /* DownloadURLOperation.swift */; };
		C5B1F6BF21F432F700CB305F /* ServiceProtocol.swift in Sources */ = {isa = PBXBuildFile; fileRef = C5B1F6BE21F432F700CB305F /* ServiceProtocol.swift */; };
		C5B1F6C121F43D8400CB305F /* AlertController+Extension.swift in Sources */ = {isa = PBXBuildFile; fileRef = C5B1F6C021F43D8400CB305F /* AlertController+Extension.swift */; };
		F61A73C5F247E2B3C0F77208 /* Pods_SwipeMatchApplication.framework in Frameworks */ = {isa = PBXBuildFile; fileRef = F859EF14E3229849FFEF4A6F /* Pods_SwipeMatchApplication.framework */; };
/* End PBXBuildFile section */

/* Begin PBXContainerItemProxy section */
		C593153E21C8CC0C002F9776 /* PBXContainerItemProxy */ = {
			isa = PBXContainerItemProxy;
			containerPortal = C593152121C8CC0A002F9776 /* Project object */;
			proxyType = 1;
			remoteGlobalIDString = C593152821C8CC0A002F9776;
			remoteInfo = SwipeMatchApplication;
		};
		C593154921C8CC0C002F9776 /* PBXContainerItemProxy */ = {
			isa = PBXContainerItemProxy;
			containerPortal = C593152121C8CC0A002F9776 /* Project object */;
			proxyType = 1;
			remoteGlobalIDString = C593152821C8CC0A002F9776;
			remoteInfo = SwipeMatchApplication;
		};
/* End PBXContainerItemProxy section */

/* Begin PBXFileReference section */
		4BF04F440A7EEB57F9F6E33B /* Pods-SwipeMatchApplication.debug.xcconfig */ = {isa = PBXFileReference; includeInIndex = 1; lastKnownFileType = text.xcconfig; name = "Pods-SwipeMatchApplication.debug.xcconfig"; path = "Pods/Target Support Files/Pods-SwipeMatchApplication/Pods-SwipeMatchApplication.debug.xcconfig"; sourceTree = "<group>"; };
		C509013B21EC55F400A4CF02 /* RegistrationManager.swift */ = {isa = PBXFileReference; lastKnownFileType = sourcecode.swift; path = RegistrationManager.swift; sourceTree = "<group>"; };
		C509013D21EC747B00A4CF02 /* GoogleService-Info.plist */ = {isa = PBXFileReference; fileEncoding = 4; lastKnownFileType = text.plist.xml; path = "GoogleService-Info.plist"; sourceTree = "<group>"; };
		C532FD9921F03FFD00EAD5DD /* Bindable.swift */ = {isa = PBXFileReference; lastKnownFileType = sourcecode.swift; path = Bindable.swift; sourceTree = "<group>"; };
		C55913EA21D96F3A00DC3049 /* HomeBottomControlStackView.swift */ = {isa = PBXFileReference; lastKnownFileType = sourcecode.swift; path = HomeBottomControlStackView.swift; sourceTree = "<group>"; };
		C55913EC21D97BE100DC3049 /* HomeNavigationStackView.swift */ = {isa = PBXFileReference; lastKnownFileType = sourcecode.swift; path = HomeNavigationStackView.swift; sourceTree = "<group>"; };
		C55913EE21D98CC400DC3049 /* CardView.swift */ = {isa = PBXFileReference; lastKnownFileType = sourcecode.swift; path = CardView.swift; sourceTree = "<group>"; };
		C55913F021D9B4F200DC3049 /* User.swift */ = {isa = PBXFileReference; lastKnownFileType = sourcecode.swift; path = User.swift; sourceTree = "<group>"; };
		C55913F221D9D18F00DC3049 /* HomeViewManager.swift */ = {isa = PBXFileReference; lastKnownFileType = sourcecode.swift; path = HomeViewManager.swift; sourceTree = "<group>"; };
		C55913F821DAC45000DC3049 /* Advertise.swift */ = {isa = PBXFileReference; lastKnownFileType = sourcecode.swift; path = Advertise.swift; sourceTree = "<group>"; };
		C55913FB21E1C0F300DC3049 /* RegistrationController.swift */ = {isa = PBXFileReference; lastKnownFileType = sourcecode.swift; path = RegistrationController.swift; sourceTree = "<group>"; };
		C55913FD21E1C2AF00DC3049 /* CustomTextField.swift */ = {isa = PBXFileReference; lastKnownFileType = sourcecode.swift; path = CustomTextField.swift; sourceTree = "<group>"; };
		C593152921C8CC0A002F9776 /* SwipeMatchApplication.app */ = {isa = PBXFileReference; explicitFileType = wrapper.application; includeInIndex = 0; path = SwipeMatchApplication.app; sourceTree = BUILT_PRODUCTS_DIR; };
		C593152C21C8CC0A002F9776 /* AppDelegate.swift */ = {isa = PBXFileReference; lastKnownFileType = sourcecode.swift; path = AppDelegate.swift; sourceTree = "<group>"; };
		C593152E21C8CC0A002F9776 /* HomeController.swift */ = {isa = PBXFileReference; lastKnownFileType = sourcecode.swift; path = HomeController.swift; sourceTree = "<group>"; };
		C593153121C8CC0A002F9776 /* Base */ = {isa = PBXFileReference; lastKnownFileType = file.storyboard; name = Base; path = Base.lproj/Main.storyboard; sourceTree = "<group>"; };
		C593153321C8CC0C002F9776 /* Assets.xcassets */ = {isa = PBXFileReference; lastKnownFileType = folder.assetcatalog; path = Assets.xcassets; sourceTree = "<group>"; };
		C593153621C8CC0C002F9776 /* Base */ = {isa = PBXFileReference; lastKnownFileType = file.storyboard; name = Base; path = Base.lproj/LaunchScreen.storyboard; sourceTree = "<group>"; };
		C593153821C8CC0C002F9776 /* Info.plist */ = {isa = PBXFileReference; lastKnownFileType = text.plist.xml; path = Info.plist; sourceTree = "<group>"; };
		C593153D21C8CC0C002F9776 /* SwipeMatchApplicationTests.xctest */ = {isa = PBXFileReference; explicitFileType = wrapper.cfbundle; includeInIndex = 0; path = SwipeMatchApplicationTests.xctest; sourceTree = BUILT_PRODUCTS_DIR; };
		C593154121C8CC0C002F9776 /* SwipeMatchApplicationTests.swift */ = {isa = PBXFileReference; lastKnownFileType = sourcecode.swift; path = SwipeMatchApplicationTests.swift; sourceTree = "<group>"; };
		C593154321C8CC0C002F9776 /* Info.plist */ = {isa = PBXFileReference; lastKnownFileType = text.plist.xml; path = Info.plist; sourceTree = "<group>"; };
		C593154821C8CC0C002F9776 /* SwipeMatchApplicationUITests.xctest */ = {isa = PBXFileReference; explicitFileType = wrapper.cfbundle; includeInIndex = 0; path = SwipeMatchApplicationUITests.xctest; sourceTree = BUILT_PRODUCTS_DIR; };
		C593154C21C8CC0C002F9776 /* SwipeMatchApplicationUITests.swift */ = {isa = PBXFileReference; lastKnownFileType = sourcecode.swift; path = SwipeMatchApplicationUITests.swift; sourceTree = "<group>"; };
		C593154E21C8CC0C002F9776 /* Info.plist */ = {isa = PBXFileReference; lastKnownFileType = text.plist.xml; path = Info.plist; sourceTree = "<group>"; };
		C593155B21C8D542002F9776 /* Anchor+ColorExtensions.swift */ = {isa = PBXFileReference; lastKnownFileType = sourcecode.swift; path = "Anchor+ColorExtensions.swift"; sourceTree = "<group>"; };
		C5B1F6B421F3E82000CB305F /* UserAuthorizationOperation.swift */ = {isa = PBXFileReference; lastKnownFileType = sourcecode.swift; path = UserAuthorizationOperation.swift; sourceTree = "<group>"; };
		C5B1F6B621F3EBC900CB305F /* AsynchronousOperation.swift */ = {isa = PBXFileReference; lastKnownFileType = sourcecode.swift; path = AsynchronousOperation.swift; sourceTree = "<group>"; };
		C5B1F6B821F4027A00CB305F /* AddImageDataToFirebaseStorage.swift */ = {isa = PBXFileReference; lastKnownFileType = sourcecode.swift; path = AddImageDataToFirebaseStorage.swift; sourceTree = "<group>"; };
		C5B1F6BA21F402D100CB305F /* AddImageDataOperation.swift */ = {isa = PBXFileReference; lastKnownFileType = sourcecode.swift; path = AddImageDataOperation.swift; sourceTree = "<group>"; };
		C5B1F6BC21F4086E00CB305F /* DownloadURLOperation.swift */ = {isa = PBXFileReference; lastKnownFileType = sourcecode.swift; path = DownloadURLOperation.swift; sourceTree = "<group>"; };
		C5B1F6BE21F432F700CB305F /* ServiceProtocol.swift */ = {isa = PBXFileReference; lastKnownFileType = sourcecode.swift; path = ServiceProtocol.swift; sourceTree = "<group>"; };
		C5B1F6C021F43D8400CB305F /* AlertController+Extension.swift */ = {isa = PBXFileReference; lastKnownFileType = sourcecode.swift; path = "AlertController+Extension.swift"; sourceTree = "<group>"; };
		EA3D6A0239C807C4B17CB9AC /* Pods-SwipeMatchApplication.release.xcconfig */ = {isa = PBXFileReference; includeInIndex = 1; lastKnownFileType = text.xcconfig; name = "Pods-SwipeMatchApplication.release.xcconfig"; path = "Pods/Target Support Files/Pods-SwipeMatchApplication/Pods-SwipeMatchApplication.release.xcconfig"; sourceTree = "<group>"; };
		F859EF14E3229849FFEF4A6F /* Pods_SwipeMatchApplication.framework */ = {isa = PBXFileReference; explicitFileType = wrapper.framework; includeInIndex = 0; path = Pods_SwipeMatchApplication.framework; sourceTree = BUILT_PRODUCTS_DIR; };
/* End PBXFileReference section */

/* Begin PBXFrameworksBuildPhase section */
		C593152621C8CC0A002F9776 /* Frameworks */ = {
			isa = PBXFrameworksBuildPhase;
			buildActionMask = 2147483647;
			files = (
				F61A73C5F247E2B3C0F77208 /* Pods_SwipeMatchApplication.framework in Frameworks */,
			);
			runOnlyForDeploymentPostprocessing = 0;
		};
		C593153A21C8CC0C002F9776 /* Frameworks */ = {
			isa = PBXFrameworksBuildPhase;
			buildActionMask = 2147483647;
			files = (
			);
			runOnlyForDeploymentPostprocessing = 0;
		};
		C593154521C8CC0C002F9776 /* Frameworks */ = {
			isa = PBXFrameworksBuildPhase;
			buildActionMask = 2147483647;
			files = (
			);
			runOnlyForDeploymentPostprocessing = 0;
		};
/* End PBXFrameworksBuildPhase section */

/* Begin PBXGroup section */
		06C0A49E0CE45D1860BA7074 /* Pods */ = {
			isa = PBXGroup;
			children = (
				4BF04F440A7EEB57F9F6E33B /* Pods-SwipeMatchApplication.debug.xcconfig */,
				EA3D6A0239C807C4B17CB9AC /* Pods-SwipeMatchApplication.release.xcconfig */,
			);
			name = Pods;
			sourceTree = "<group>";
		};
		5939E5A1752F0D038C57A621 /* Frameworks */ = {
			isa = PBXGroup;
			children = (
				F859EF14E3229849FFEF4A6F /* Pods_SwipeMatchApplication.framework */,
			);
			name = Frameworks;
			sourceTree = "<group>";
		};
		C532FD9821F03FE500EAD5DD /* Common Class */ = {
			isa = PBXGroup;
			children = (
				C5B1F6B621F3EBC900CB305F /* AsynchronousOperation.swift */,
				C532FD9921F03FFD00EAD5DD /* Bindable.swift */,
				C5B1F6C021F43D8400CB305F /* AlertController+Extension.swift */,
				C5B1F6BE21F432F700CB305F /* ServiceProtocol.swift */,
			);
			path = "Common Class";
			sourceTree = "<group>";
		};
		C55913E921D96EF300DC3049 /* HomeControllerViews */ = {
			isa = PBXGroup;
			children = (
				C55913EA21D96F3A00DC3049 /* HomeBottomControlStackView.swift */,
				C55913EC21D97BE100DC3049 /* HomeNavigationStackView.swift */,
				C55913EE21D98CC400DC3049 /* CardView.swift */,
				C593152E21C8CC0A002F9776 /* HomeController.swift */,
				C55913F221D9D18F00DC3049 /* HomeViewManager.swift */,
			);
			path = HomeControllerViews;
			sourceTree = "<group>";
		};
		C55913F721DAC43700DC3049 /* Model */ = {
			isa = PBXGroup;
			children = (
				C55913F021D9B4F200DC3049 /* User.swift */,
				C55913F821DAC45000DC3049 /* Advertise.swift */,
				C5B1F6B821F4027A00CB305F /* AddImageDataToFirebaseStorage.swift */,
			);
			path = Model;
			sourceTree = "<group>";
		};
		C55913FA21E1C0BE00DC3049 /* Registration  */ = {
			isa = PBXGroup;
			children = (
				C55913FB21E1C0F300DC3049 /* RegistrationController.swift */,
				C55913FD21E1C2AF00DC3049 /* CustomTextField.swift */,
				C509013B21EC55F400A4CF02 /* RegistrationManager.swift */,
			);
			path = "Registration ";
			sourceTree = "<group>";
		};
		C593152021C8CC0A002F9776 = {
			isa = PBXGroup;
			children = (
				C593152B21C8CC0A002F9776 /* SwipeMatchApplication */,
				C593154021C8CC0C002F9776 /* SwipeMatchApplicationTests */,
				C593154B21C8CC0C002F9776 /* SwipeMatchApplicationUITests */,
				C593152A21C8CC0A002F9776 /* Products */,
				06C0A49E0CE45D1860BA7074 /* Pods */,
				5939E5A1752F0D038C57A621 /* Frameworks */,
			);
			sourceTree = "<group>";
		};
		C593152A21C8CC0A002F9776 /* Products */ = {
			isa = PBXGroup;
			children = (
				C593152921C8CC0A002F9776 /* SwipeMatchApplication.app */,
				C593153D21C8CC0C002F9776 /* SwipeMatchApplicationTests.xctest */,
				C593154821C8CC0C002F9776 /* SwipeMatchApplicationUITests.xctest */,
			);
			name = Products;
			sourceTree = "<group>";
		};
		C593152B21C8CC0A002F9776 /* SwipeMatchApplication */ = {
			isa = PBXGroup;
			children = (
				C5B1F6B321F3E7D300CB305F /* WebService */,
				C532FD9821F03FE500EAD5DD /* Common Class */,
				C55913F721DAC43700DC3049 /* Model */,
				C55913FA21E1C0BE00DC3049 /* Registration  */,
				C55913E921D96EF300DC3049 /* HomeControllerViews */,
				C593155A21C8D4F1002F9776 /* ExtensionFiles */,
				C593152C21C8CC0A002F9776 /* AppDelegate.swift */,
				C593153021C8CC0A002F9776 /* Main.storyboard */,
				C593153321C8CC0C002F9776 /* Assets.xcassets */,
				C593153521C8CC0C002F9776 /* LaunchScreen.storyboard */,
				C593153821C8CC0C002F9776 /* Info.plist */,
				C509013D21EC747B00A4CF02 /* GoogleService-Info.plist */,
			);
			path = SwipeMatchApplication;
			sourceTree = "<group>";
		};
		C593154021C8CC0C002F9776 /* SwipeMatchApplicationTests */ = {
			isa = PBXGroup;
			children = (
				C593154121C8CC0C002F9776 /* SwipeMatchApplicationTests.swift */,
				C593154321C8CC0C002F9776 /* Info.plist */,
			);
			path = SwipeMatchApplicationTests;
			sourceTree = "<group>";
		};
		C593154B21C8CC0C002F9776 /* SwipeMatchApplicationUITests */ = {
			isa = PBXGroup;
			children = (
				C593154C21C8CC0C002F9776 /* SwipeMatchApplicationUITests.swift */,
				C593154E21C8CC0C002F9776 /* Info.plist */,
			);
			path = SwipeMatchApplicationUITests;
			sourceTree = "<group>";
		};
		C593155A21C8D4F1002F9776 /* ExtensionFiles */ = {
			isa = PBXGroup;
			children = (
				C593155B21C8D542002F9776 /* Anchor+ColorExtensions.swift */,
			);
			path = ExtensionFiles;
			sourceTree = "<group>";
		};
		C5B1F6B221F3E79700CB305F /* Asynchronous Operation */ = {
			isa = PBXGroup;
			children = (
				C5B1F6B421F3E82000CB305F /* UserAuthorizationOperation.swift */,
				C5B1F6BC21F4086E00CB305F /* DownloadURLOperation.swift */,
				C5B1F6BA21F402D100CB305F /* AddImageDataOperation.swift */,
			);
			path = "Asynchronous Operation";
			sourceTree = "<group>";
		};
		C5B1F6B321F3E7D300CB305F /* WebService */ = {
			isa = PBXGroup;
			children = (
				C5B1F6B221F3E79700CB305F /* Asynchronous Operation */,
			);
			path = WebService;
			sourceTree = "<group>";
		};
/* End PBXGroup section */

/* Begin PBXNativeTarget section */
		C593152821C8CC0A002F9776 /* SwipeMatchApplication */ = {
			isa = PBXNativeTarget;
			buildConfigurationList = C593155121C8CC0C002F9776 /* Build configuration list for PBXNativeTarget "SwipeMatchApplication" */;
			buildPhases = (
				772731111AB004FAD5554106 /* [CP] Check Pods Manifest.lock */,
				C593152521C8CC0A002F9776 /* Sources */,
				C593152621C8CC0A002F9776 /* Frameworks */,
				C593152721C8CC0A002F9776 /* Resources */,
				DCC595C63CED55C466C6A53E /* [CP] Embed Pods Frameworks */,
				D1A9DAB0AECFEB716ADBA098 /* [CP] Copy Pods Resources */,
			);
			buildRules = (
			);
			dependencies = (
			);
			name = SwipeMatchApplication;
			productName = SwipeMatchApplication;
			productReference = C593152921C8CC0A002F9776 /* SwipeMatchApplication.app */;
			productType = "com.apple.product-type.application";
		};
		C593153C21C8CC0C002F9776 /* SwipeMatchApplicationTests */ = {
			isa = PBXNativeTarget;
			buildConfigurationList = C593155421C8CC0C002F9776 /* Build configuration list for PBXNativeTarget "SwipeMatchApplicationTests" */;
			buildPhases = (
				C593153921C8CC0C002F9776 /* Sources */,
				C593153A21C8CC0C002F9776 /* Frameworks */,
				C593153B21C8CC0C002F9776 /* Resources */,
			);
			buildRules = (
			);
			dependencies = (
				C593153F21C8CC0C002F9776 /* PBXTargetDependency */,
			);
			name = SwipeMatchApplicationTests;
			productName = SwipeMatchApplicationTests;
			productReference = C593153D21C8CC0C002F9776 /* SwipeMatchApplicationTests.xctest */;
			productType = "com.apple.product-type.bundle.unit-test";
		};
		C593154721C8CC0C002F9776 /* SwipeMatchApplicationUITests */ = {
			isa = PBXNativeTarget;
			buildConfigurationList = C593155721C8CC0C002F9776 /* Build configuration list for PBXNativeTarget "SwipeMatchApplicationUITests" */;
			buildPhases = (
				C593154421C8CC0C002F9776 /* Sources */,
				C593154521C8CC0C002F9776 /* Frameworks */,
				C593154621C8CC0C002F9776 /* Resources */,
			);
			buildRules = (
			);
			dependencies = (
				C593154A21C8CC0C002F9776 /* PBXTargetDependency */,
			);
			name = SwipeMatchApplicationUITests;
			productName = SwipeMatchApplicationUITests;
			productReference = C593154821C8CC0C002F9776 /* SwipeMatchApplicationUITests.xctest */;
			productType = "com.apple.product-type.bundle.ui-testing";
		};
/* End PBXNativeTarget section */

/* Begin PBXProject section */
		C593152121C8CC0A002F9776 /* Project object */ = {
			isa = PBXProject;
			attributes = {
				LastSwiftUpdateCheck = 1010;
				LastUpgradeCheck = 1010;
				ORGANIZATIONNAME = "ashim dahal";
				TargetAttributes = {
					C593152821C8CC0A002F9776 = {
						CreatedOnToolsVersion = 10.1;
					};
					C593153C21C8CC0C002F9776 = {
						CreatedOnToolsVersion = 10.1;
						TestTargetID = C593152821C8CC0A002F9776;
					};
					C593154721C8CC0C002F9776 = {
						CreatedOnToolsVersion = 10.1;
						TestTargetID = C593152821C8CC0A002F9776;
					};
				};
			};
			buildConfigurationList = C593152421C8CC0A002F9776 /* Build configuration list for PBXProject "SwipeMatchApplication" */;
			compatibilityVersion = "Xcode 9.3";
			developmentRegion = en;
			hasScannedForEncodings = 0;
			knownRegions = (
				en,
				Base,
			);
			mainGroup = C593152021C8CC0A002F9776;
			productRefGroup = C593152A21C8CC0A002F9776 /* Products */;
			projectDirPath = "";
			projectRoot = "";
			targets = (
				C593152821C8CC0A002F9776 /* SwipeMatchApplication */,
				C593153C21C8CC0C002F9776 /* SwipeMatchApplicationTests */,
				C593154721C8CC0C002F9776 /* SwipeMatchApplicationUITests */,
			);
		};
/* End PBXProject section */

/* Begin PBXResourcesBuildPhase section */
		C593152721C8CC0A002F9776 /* Resources */ = {
			isa = PBXResourcesBuildPhase;
			buildActionMask = 2147483647;
			files = (
				C593153721C8CC0C002F9776 /* LaunchScreen.storyboard in Resources */,
				C509013E21EC747B00A4CF02 /* GoogleService-Info.plist in Resources */,
				C593153421C8CC0C002F9776 /* Assets.xcassets in Resources */,
				C593153221C8CC0A002F9776 /* Main.storyboard in Resources */,
			);
			runOnlyForDeploymentPostprocessing = 0;
		};
		C593153B21C8CC0C002F9776 /* Resources */ = {
			isa = PBXResourcesBuildPhase;
			buildActionMask = 2147483647;
			files = (
			);
			runOnlyForDeploymentPostprocessing = 0;
		};
		C593154621C8CC0C002F9776 /* Resources */ = {
			isa = PBXResourcesBuildPhase;
			buildActionMask = 2147483647;
			files = (
			);
			runOnlyForDeploymentPostprocessing = 0;
		};
/* End PBXResourcesBuildPhase section */

/* Begin PBXShellScriptBuildPhase section */
		772731111AB004FAD5554106 /* [CP] Check Pods Manifest.lock */ = {
			isa = PBXShellScriptBuildPhase;
			buildActionMask = 2147483647;
			files = (
			);
			inputFileListPaths = (
			);
			inputPaths = (
				"${PODS_PODFILE_DIR_PATH}/Podfile.lock",
				"${PODS_ROOT}/Manifest.lock",
			);
			name = "[CP] Check Pods Manifest.lock";
			outputFileListPaths = (
			);
			outputPaths = (
				"$(DERIVED_FILE_DIR)/Pods-SwipeMatchApplication-checkManifestLockResult.txt",
			);
			runOnlyForDeploymentPostprocessing = 0;
			shellPath = /bin/sh;
			shellScript = "diff \"${PODS_PODFILE_DIR_PATH}/Podfile.lock\" \"${PODS_ROOT}/Manifest.lock\" > /dev/null\nif [ $? != 0 ] ; then\n    # print error to STDERR\n    echo \"error: The sandbox is not in sync with the Podfile.lock. Run 'pod install' or update your CocoaPods installation.\" >&2\n    exit 1\nfi\n# This output is used by Xcode 'outputs' to avoid re-running this script phase.\necho \"SUCCESS\" > \"${SCRIPT_OUTPUT_FILE_0}\"\n";
			showEnvVarsInLog = 0;
		};
		D1A9DAB0AECFEB716ADBA098 /* [CP] Copy Pods Resources */ = {
			isa = PBXShellScriptBuildPhase;
			buildActionMask = 2147483647;
			files = (
			);
			inputFileListPaths = (
			);
			inputPaths = (
				"${SRCROOT}/Pods/Target Support Files/Pods-SwipeMatchApplication/Pods-SwipeMatchApplication-resources.sh",
				"${PODS_CONFIGURATION_BUILD_DIR}/FirebaseFirestore/gRPCCertificates-Firestore.bundle",
			);
			name = "[CP] Copy Pods Resources";
			outputFileListPaths = (
			);
			outputPaths = (
				"${TARGET_BUILD_DIR}/${UNLOCALIZED_RESOURCES_FOLDER_PATH}/gRPCCertificates-Firestore.bundle",
			);
			runOnlyForDeploymentPostprocessing = 0;
			shellPath = /bin/sh;
			shellScript = "\"${SRCROOT}/Pods/Target Support Files/Pods-SwipeMatchApplication/Pods-SwipeMatchApplication-resources.sh\"\n";
			showEnvVarsInLog = 0;
		};
		DCC595C63CED55C466C6A53E /* [CP] Embed Pods Frameworks */ = {
			isa = PBXShellScriptBuildPhase;
			buildActionMask = 2147483647;
			files = (
			);
			inputFileListPaths = (
			);
			inputPaths = (
				"${SRCROOT}/Pods/Target Support Files/Pods-SwipeMatchApplication/Pods-SwipeMatchApplication-frameworks.sh",
				"${BUILT_PRODUCTS_DIR}/BoringSSL/openssl.framework",
				"${BUILT_PRODUCTS_DIR}/GTMSessionFetcher/GTMSessionFetcher.framework",
				"${BUILT_PRODUCTS_DIR}/GoogleUtilities/GoogleUtilities.framework",
				"${BUILT_PRODUCTS_DIR}/JGProgressHUD/JGProgressHUD.framework",
				"${BUILT_PRODUCTS_DIR}/Protobuf/Protobuf.framework",
				"${BUILT_PRODUCTS_DIR}/SDWebImage/SDWebImage.framework",
				"${BUILT_PRODUCTS_DIR}/gRPC-C++/grpcpp.framework",
				"${BUILT_PRODUCTS_DIR}/gRPC-Core/grpc.framework",
				"${BUILT_PRODUCTS_DIR}/leveldb-library/leveldb.framework",
				"${BUILT_PRODUCTS_DIR}/nanopb/nanopb.framework",
			);
			name = "[CP] Embed Pods Frameworks";
			outputFileListPaths = (
			);
			outputPaths = (
				"${TARGET_BUILD_DIR}/${FRAMEWORKS_FOLDER_PATH}/openssl.framework",
				"${TARGET_BUILD_DIR}/${FRAMEWORKS_FOLDER_PATH}/GTMSessionFetcher.framework",
				"${TARGET_BUILD_DIR}/${FRAMEWORKS_FOLDER_PATH}/GoogleUtilities.framework",
				"${TARGET_BUILD_DIR}/${FRAMEWORKS_FOLDER_PATH}/JGProgressHUD.framework",
				"${TARGET_BUILD_DIR}/${FRAMEWORKS_FOLDER_PATH}/Protobuf.framework",
				"${TARGET_BUILD_DIR}/${FRAMEWORKS_FOLDER_PATH}/SDWebImage.framework",
				"${TARGET_BUILD_DIR}/${FRAMEWORKS_FOLDER_PATH}/grpcpp.framework",
				"${TARGET_BUILD_DIR}/${FRAMEWORKS_FOLDER_PATH}/grpc.framework",
				"${TARGET_BUILD_DIR}/${FRAMEWORKS_FOLDER_PATH}/leveldb.framework",
				"${TARGET_BUILD_DIR}/${FRAMEWORKS_FOLDER_PATH}/nanopb.framework",
			);
			runOnlyForDeploymentPostprocessing = 0;
			shellPath = /bin/sh;
			shellScript = "\"${SRCROOT}/Pods/Target Support Files/Pods-SwipeMatchApplication/Pods-SwipeMatchApplication-frameworks.sh\"\n";
			showEnvVarsInLog = 0;
		};
/* End PBXShellScriptBuildPhase section */

/* Begin PBXSourcesBuildPhase section */
		C593152521C8CC0A002F9776 /* Sources */ = {
			isa = PBXSourcesBuildPhase;
			buildActionMask = 2147483647;
			files = (
				C5B1F6B921F4027A00CB305F /* AddImageDataToFirebaseStorage.swift in Sources */,
				C5B1F6B521F3E82000CB305F /* UserAuthorizationOperation.swift in Sources */,
				C532FD9A21F03FFD00EAD5DD /* Bindable.swift in Sources */,
				C5B1F6B721F3EBC900CB305F /* AsynchronousOperation.swift in Sources */,
				C55913EB21D96F3A00DC3049 /* HomeBottomControlStackView.swift in Sources */,
				C55913FE21E1C2AF00DC3049 /* CustomTextField.swift in Sources */,
				C593155C21C8D542002F9776 /* Anchor+ColorExtensions.swift in Sources */,
				C55913ED21D97BE100DC3049 /* HomeNavigationStackView.swift in Sources */,
				C593152F21C8CC0A002F9776 /* HomeController.swift in Sources */,
				C5B1F6BF21F432F700CB305F /* ServiceProtocol.swift in Sources */,
				C5B1F6C121F43D8400CB305F /* AlertController+Extension.swift in Sources */,
				C55913EF21D98CC400DC3049 /* CardView.swift in Sources */,
				C509013C21EC55F400A4CF02 /* RegistrationManager.swift in Sources */,
				C593152D21C8CC0A002F9776 /* AppDelegate.swift in Sources */,
				C55913F321D9D18F00DC3049 /* HomeViewManager.swift in Sources */,
				C55913F921DAC45000DC3049 /* Advertise.swift in Sources */,
				C55913FC21E1C0F300DC3049 /* RegistrationController.swift in Sources */,
				C5B1F6BD21F4086E00CB305F /* DownloadURLOperation.swift in Sources */,
				C55913F121D9B4F200DC3049 /* User.swift in Sources */,
				C5B1F6BB21F402D100CB305F /* AddImageDataOperation.swift in Sources */,
			);
			runOnlyForDeploymentPostprocessing = 0;
		};
		C593153921C8CC0C002F9776 /* Sources */ = {
			isa = PBXSourcesBuildPhase;
			buildActionMask = 2147483647;
			files = (
				C593154221C8CC0C002F9776 /* SwipeMatchApplicationTests.swift in Sources */,
			);
			runOnlyForDeploymentPostprocessing = 0;
		};
		C593154421C8CC0C002F9776 /* Sources */ = {
			isa = PBXSourcesBuildPhase;
			buildActionMask = 2147483647;
			files = (
				C593154D21C8CC0C002F9776 /* SwipeMatchApplicationUITests.swift in Sources */,
			);
			runOnlyForDeploymentPostprocessing = 0;
		};
/* End PBXSourcesBuildPhase section */

/* Begin PBXTargetDependency section */
		C593153F21C8CC0C002F9776 /* PBXTargetDependency */ = {
			isa = PBXTargetDependency;
			target = C593152821C8CC0A002F9776 /* SwipeMatchApplication */;
			targetProxy = C593153E21C8CC0C002F9776 /* PBXContainerItemProxy */;
		};
		C593154A21C8CC0C002F9776 /* PBXTargetDependency */ = {
			isa = PBXTargetDependency;
			target = C593152821C8CC0A002F9776 /* SwipeMatchApplication */;
			targetProxy = C593154921C8CC0C002F9776 /* PBXContainerItemProxy */;
		};
/* End PBXTargetDependency section */

/* Begin PBXVariantGroup section */
		C593153021C8CC0A002F9776 /* Main.storyboard */ = {
			isa = PBXVariantGroup;
			children = (
				C593153121C8CC0A002F9776 /* Base */,
			);
			name = Main.storyboard;
			sourceTree = "<group>";
		};
		C593153521C8CC0C002F9776 /* LaunchScreen.storyboard */ = {
			isa = PBXVariantGroup;
			children = (
				C593153621C8CC0C002F9776 /* Base */,
			);
			name = LaunchScreen.storyboard;
			sourceTree = "<group>";
		};
/* End PBXVariantGroup section */

/* Begin XCBuildConfiguration section */
		C593154F21C8CC0C002F9776 /* Debug */ = {
			isa = XCBuildConfiguration;
			buildSettings = {
				ALWAYS_SEARCH_USER_PATHS = NO;
				CLANG_ANALYZER_NONNULL = YES;
				CLANG_ANALYZER_NUMBER_OBJECT_CONVERSION = YES_AGGRESSIVE;
				CLANG_CXX_LANGUAGE_STANDARD = "gnu++14";
				CLANG_CXX_LIBRARY = "libc++";
				CLANG_ENABLE_MODULES = YES;
				CLANG_ENABLE_OBJC_ARC = YES;
				CLANG_ENABLE_OBJC_WEAK = YES;
				CLANG_WARN_BLOCK_CAPTURE_AUTORELEASING = YES;
				CLANG_WARN_BOOL_CONVERSION = YES;
				CLANG_WARN_COMMA = YES;
				CLANG_WARN_CONSTANT_CONVERSION = YES;
				CLANG_WARN_DEPRECATED_OBJC_IMPLEMENTATIONS = YES;
				CLANG_WARN_DIRECT_OBJC_ISA_USAGE = YES_ERROR;
				CLANG_WARN_DOCUMENTATION_COMMENTS = YES;
				CLANG_WARN_EMPTY_BODY = YES;
				CLANG_WARN_ENUM_CONVERSION = YES;
				CLANG_WARN_INFINITE_RECURSION = YES;
				CLANG_WARN_INT_CONVERSION = YES;
				CLANG_WARN_NON_LITERAL_NULL_CONVERSION = YES;
				CLANG_WARN_OBJC_IMPLICIT_RETAIN_SELF = YES;
				CLANG_WARN_OBJC_LITERAL_CONVERSION = YES;
				CLANG_WARN_OBJC_ROOT_CLASS = YES_ERROR;
				CLANG_WARN_RANGE_LOOP_ANALYSIS = YES;
				CLANG_WARN_STRICT_PROTOTYPES = YES;
				CLANG_WARN_SUSPICIOUS_MOVE = YES;
				CLANG_WARN_UNGUARDED_AVAILABILITY = YES_AGGRESSIVE;
				CLANG_WARN_UNREACHABLE_CODE = YES;
				CLANG_WARN__DUPLICATE_METHOD_MATCH = YES;
				CODE_SIGN_IDENTITY = "iPhone Developer";
				COPY_PHASE_STRIP = NO;
				DEBUG_INFORMATION_FORMAT = dwarf;
				ENABLE_STRICT_OBJC_MSGSEND = YES;
				ENABLE_TESTABILITY = YES;
				GCC_C_LANGUAGE_STANDARD = gnu11;
				GCC_DYNAMIC_NO_PIC = NO;
				GCC_NO_COMMON_BLOCKS = YES;
				GCC_OPTIMIZATION_LEVEL = 0;
				GCC_PREPROCESSOR_DEFINITIONS = (
					"DEBUG=1",
					"$(inherited)",
				);
				GCC_WARN_64_TO_32_BIT_CONVERSION = YES;
				GCC_WARN_ABOUT_RETURN_TYPE = YES_ERROR;
				GCC_WARN_UNDECLARED_SELECTOR = YES;
				GCC_WARN_UNINITIALIZED_AUTOS = YES_AGGRESSIVE;
				GCC_WARN_UNUSED_FUNCTION = YES;
				GCC_WARN_UNUSED_VARIABLE = YES;
				IPHONEOS_DEPLOYMENT_TARGET = 12.1;
				MTL_ENABLE_DEBUG_INFO = INCLUDE_SOURCE;
				MTL_FAST_MATH = YES;
				ONLY_ACTIVE_ARCH = YES;
				SDKROOT = iphoneos;
				SWIFT_ACTIVE_COMPILATION_CONDITIONS = DEBUG;
				SWIFT_OPTIMIZATION_LEVEL = "-Onone";
			};
			name = Debug;
		};
		C593155021C8CC0C002F9776 /* Release */ = {
			isa = XCBuildConfiguration;
			buildSettings = {
				ALWAYS_SEARCH_USER_PATHS = NO;
				CLANG_ANALYZER_NONNULL = YES;
				CLANG_ANALYZER_NUMBER_OBJECT_CONVERSION = YES_AGGRESSIVE;
				CLANG_CXX_LANGUAGE_STANDARD = "gnu++14";
				CLANG_CXX_LIBRARY = "libc++";
				CLANG_ENABLE_MODULES = YES;
				CLANG_ENABLE_OBJC_ARC = YES;
				CLANG_ENABLE_OBJC_WEAK = YES;
				CLANG_WARN_BLOCK_CAPTURE_AUTORELEASING = YES;
				CLANG_WARN_BOOL_CONVERSION = YES;
				CLANG_WARN_COMMA = YES;
				CLANG_WARN_CONSTANT_CONVERSION = YES;
				CLANG_WARN_DEPRECATED_OBJC_IMPLEMENTATIONS = YES;
				CLANG_WARN_DIRECT_OBJC_ISA_USAGE = YES_ERROR;
				CLANG_WARN_DOCUMENTATION_COMMENTS = YES;
				CLANG_WARN_EMPTY_BODY = YES;
				CLANG_WARN_ENUM_CONVERSION = YES;
				CLANG_WARN_INFINITE_RECURSION = YES;
				CLANG_WARN_INT_CONVERSION = YES;
				CLANG_WARN_NON_LITERAL_NULL_CONVERSION = YES;
				CLANG_WARN_OBJC_IMPLICIT_RETAIN_SELF = YES;
				CLANG_WARN_OBJC_LITERAL_CONVERSION = YES;
				CLANG_WARN_OBJC_ROOT_CLASS = YES_ERROR;
				CLANG_WARN_RANGE_LOOP_ANALYSIS = YES;
				CLANG_WARN_STRICT_PROTOTYPES = YES;
				CLANG_WARN_SUSPICIOUS_MOVE = YES;
				CLANG_WARN_UNGUARDED_AVAILABILITY = YES_AGGRESSIVE;
				CLANG_WARN_UNREACHABLE_CODE = YES;
				CLANG_WARN__DUPLICATE_METHOD_MATCH = YES;
				CODE_SIGN_IDENTITY = "iPhone Developer";
				COPY_PHASE_STRIP = NO;
				DEBUG_INFORMATION_FORMAT = "dwarf-with-dsym";
				ENABLE_NS_ASSERTIONS = NO;
				ENABLE_STRICT_OBJC_MSGSEND = YES;
				GCC_C_LANGUAGE_STANDARD = gnu11;
				GCC_NO_COMMON_BLOCKS = YES;
				GCC_WARN_64_TO_32_BIT_CONVERSION = YES;
				GCC_WARN_ABOUT_RETURN_TYPE = YES_ERROR;
				GCC_WARN_UNDECLARED_SELECTOR = YES;
				GCC_WARN_UNINITIALIZED_AUTOS = YES_AGGRESSIVE;
				GCC_WARN_UNUSED_FUNCTION = YES;
				GCC_WARN_UNUSED_VARIABLE = YES;
				IPHONEOS_DEPLOYMENT_TARGET = 12.1;
				MTL_ENABLE_DEBUG_INFO = NO;
				MTL_FAST_MATH = YES;
				SDKROOT = iphoneos;
				SWIFT_COMPILATION_MODE = wholemodule;
				SWIFT_OPTIMIZATION_LEVEL = "-O";
				VALIDATE_PRODUCT = YES;
			};
			name = Release;
		};
		C593155221C8CC0C002F9776 /* Debug */ = {
			isa = XCBuildConfiguration;
			baseConfigurationReference = 4BF04F440A7EEB57F9F6E33B /* Pods-SwipeMatchApplication.debug.xcconfig */;
			buildSettings = {
				ASSETCATALOG_COMPILER_APPICON_NAME = AppIcon;
				CODE_SIGN_STYLE = Automatic;
				INFOPLIST_FILE = SwipeMatchApplication/Info.plist;
				LD_RUNPATH_SEARCH_PATHS = (
					"$(inherited)",
					"@executable_path/Frameworks",
				);
				PRODUCT_BUNDLE_IDENTIFIER = com.AshimDahal.SwipeMatchApplication;
				PRODUCT_NAME = "$(TARGET_NAME)";
				SWIFT_VERSION = 4.2;
				TARGETED_DEVICE_FAMILY = "1,2";
			};
			name = Debug;
		};
		C593155321C8CC0C002F9776 /* Release */ = {
			isa = XCBuildConfiguration;
			baseConfigurationReference = EA3D6A0239C807C4B17CB9AC /* Pods-SwipeMatchApplication.release.xcconfig */;
			buildSettings = {
				ASSETCATALOG_COMPILER_APPICON_NAME = AppIcon;
				CODE_SIGN_STYLE = Automatic;
				INFOPLIST_FILE = SwipeMatchApplication/Info.plist;
				LD_RUNPATH_SEARCH_PATHS = (
					"$(inherited)",
					"@executable_path/Frameworks",
				);
				PRODUCT_BUNDLE_IDENTIFIER = com.AshimDahal.SwipeMatchApplication;
				PRODUCT_NAME = "$(TARGET_NAME)";
				SWIFT_VERSION = 4.2;
				TARGETED_DEVICE_FAMILY = "1,2";
			};
			name = Release;
		};
		C593155521C8CC0C002F9776 /* Debug */ = {
			isa = XCBuildConfiguration;
			buildSettings = {
				ALWAYS_EMBED_SWIFT_STANDARD_LIBRARIES = YES;
				BUNDLE_LOADER = "$(TEST_HOST)";
				CODE_SIGN_STYLE = Automatic;
				INFOPLIST_FILE = SwipeMatchApplicationTests/Info.plist;
				LD_RUNPATH_SEARCH_PATHS = (
					"$(inherited)",
					"@executable_path/Frameworks",
					"@loader_path/Frameworks",
				);
				PRODUCT_BUNDLE_IDENTIFIER = com.AshimDahal.SwipeMatchApplicationTests;
				PRODUCT_NAME = "$(TARGET_NAME)";
				SWIFT_VERSION = 4.2;
				TARGETED_DEVICE_FAMILY = "1,2";
				TEST_HOST = "$(BUILT_PRODUCTS_DIR)/SwipeMatchApplication.app/SwipeMatchApplication";
			};
			name = Debug;
		};
		C593155621C8CC0C002F9776 /* Release */ = {
			isa = XCBuildConfiguration;
			buildSettings = {
				ALWAYS_EMBED_SWIFT_STANDARD_LIBRARIES = YES;
				BUNDLE_LOADER = "$(TEST_HOST)";
				CODE_SIGN_STYLE = Automatic;
				INFOPLIST_FILE = SwipeMatchApplicationTests/Info.plist;
				LD_RUNPATH_SEARCH_PATHS = (
					"$(inherited)",
					"@executable_path/Frameworks",
					"@loader_path/Frameworks",
				);
				PRODUCT_BUNDLE_IDENTIFIER = com.AshimDahal.SwipeMatchApplicationTests;
				PRODUCT_NAME = "$(TARGET_NAME)";
				SWIFT_VERSION = 4.2;
				TARGETED_DEVICE_FAMILY = "1,2";
				TEST_HOST = "$(BUILT_PRODUCTS_DIR)/SwipeMatchApplication.app/SwipeMatchApplication";
			};
			name = Release;
		};
		C593155821C8CC0C002F9776 /* Debug */ = {
			isa = XCBuildConfiguration;
			buildSettings = {
				ALWAYS_EMBED_SWIFT_STANDARD_LIBRARIES = YES;
				CODE_SIGN_STYLE = Automatic;
				INFOPLIST_FILE = SwipeMatchApplicationUITests/Info.plist;
				LD_RUNPATH_SEARCH_PATHS = (
					"$(inherited)",
					"@executable_path/Frameworks",
					"@loader_path/Frameworks",
				);
				PRODUCT_BUNDLE_IDENTIFIER = com.AshimDahal.SwipeMatchApplicationUITests;
				PRODUCT_NAME = "$(TARGET_NAME)";
				SWIFT_VERSION = 4.2;
				TARGETED_DEVICE_FAMILY = "1,2";
				TEST_TARGET_NAME = SwipeMatchApplication;
			};
			name = Debug;
		};
		C593155921C8CC0C002F9776 /* Release */ = {
			isa = XCBuildConfiguration;
			buildSettings = {
				ALWAYS_EMBED_SWIFT_STANDARD_LIBRARIES = YES;
				CODE_SIGN_STYLE = Automatic;
				INFOPLIST_FILE = SwipeMatchApplicationUITests/Info.plist;
				LD_RUNPATH_SEARCH_PATHS = (
					"$(inherited)",
					"@executable_path/Frameworks",
					"@loader_path/Frameworks",
				);
				PRODUCT_BUNDLE_IDENTIFIER = com.AshimDahal.SwipeMatchApplicationUITests;
				PRODUCT_NAME = "$(TARGET_NAME)";
				SWIFT_VERSION = 4.2;
				TARGETED_DEVICE_FAMILY = "1,2";
				TEST_TARGET_NAME = SwipeMatchApplication;
			};
			name = Release;
		};
/* End XCBuildConfiguration section */

/* Begin XCConfigurationList section */
		C593152421C8CC0A002F9776 /* Build configuration list for PBXProject "SwipeMatchApplication" */ = {
			isa = XCConfigurationList;
			buildConfigurations = (
				C593154F21C8CC0C002F9776 /* Debug */,
				C593155021C8CC0C002F9776 /* Release */,
			);
			defaultConfigurationIsVisible = 0;
			defaultConfigurationName = Release;
		};
		C593155121C8CC0C002F9776 /* Build configuration list for PBXNativeTarget "SwipeMatchApplication" */ = {
			isa = XCConfigurationList;
			buildConfigurations = (
				C593155221C8CC0C002F9776 /* Debug */,
				C593155321C8CC0C002F9776 /* Release */,
			);
			defaultConfigurationIsVisible = 0;
			defaultConfigurationName = Release;
		};
		C593155421C8CC0C002F9776 /* Build configuration list for PBXNativeTarget "SwipeMatchApplicationTests" */ = {
			isa = XCConfigurationList;
			buildConfigurations = (
				C593155521C8CC0C002F9776 /* Debug */,
				C593155621C8CC0C002F9776 /* Release */,
			);
			defaultConfigurationIsVisible = 0;
			defaultConfigurationName = Release;
		};
		C593155721C8CC0C002F9776 /* Build configuration list for PBXNativeTarget "SwipeMatchApplicationUITests" */ = {
			isa = XCConfigurationList;
			buildConfigurations = (
				C593155821C8CC0C002F9776 /* Debug */,
				C593155921C8CC0C002F9776 /* Release */,
			);
			defaultConfigurationIsVisible = 0;
			defaultConfigurationName = Release;
		};
/* End XCConfigurationList section */
	};
	rootObject = C593152121C8CC0A002F9776 /* Project object */;
}
